
Microsoft Visual Studio Solution File, Format Version 12.00
# Visual Studio Version 17
VisualStudioVersion = 17.6.33815.320
MinimumVisualStudioVersion = 10.0.40219.1
Project("{FAE04EC0-301F-11D3-BF4B-00C04F79EFBC}") = "LinkList", "LinkList\LinkList.csproj", "{DACFE861-F408-48BA-AEED-2FAA21CF71EF}"
EndProject
Global
	GlobalSection(SolutionConfigurationPlatforms) = preSolution
		Debug|Any CPU = Debug|Any CPU
		Release|Any CPU = Release|Any CPU
	EndGlobalSection
	GlobalSection(ProjectConfigurationPlatforms) = postSolution
		{DACFE861-F408-48BA-AEED-2FAA21CF71EF}.Debug|Any CPU.ActiveCfg = Debug|Any CPU
		{DACFE861-F408-48BA-AEED-2FAA21CF71EF}.Debug|Any CPU.Build.0 = Debug|Any CPU
		{DACFE861-F408-48BA-AEED-2FAA21CF71EF}.Release|Any CPU.ActiveCfg = Release|Any CPU
		{DACFE861-F408-48BA-AEED-2FAA21CF71EF}.Release|Any CPU.Build.0 = Release|Any CPU
	EndGlobalSection
	GlobalSection(SolutionProperties) = preSolution
		HideSolutionNode = FALSE
	EndGlobalSection
	GlobalSection(ExtensibilityGlobals) = postSolution
		SolutionGuid = {7BB4FA30-59AD-4901-AA74-9C1036FCCCE8}
	EndGlobalSection
EndGlobal
